// !$*UTF8*$!
{
	archiveVersion = 1;
	classes = {
	};
	objectVersion = 55;
	objects = {

/* Begin PBXBuildFile section */
		7417C801281C1E0E00806F61 /* AudioTrack.swift in Sources */ = {isa = PBXBuildFile; fileRef = 7417C800281C1E0E00806F61 /* AudioTrack.swift */; };
		7417C803281C1E1A00806F61 /* Artist.swift in Sources */ = {isa = PBXBuildFile; fileRef = 7417C802281C1E1A00806F61 /* Artist.swift */; };
		7417C805281C1E3D00806F61 /* UserProfile.swift in Sources */ = {isa = PBXBuildFile; fileRef = 7417C804281C1E3D00806F61 /* UserProfile.swift */; };
		7417C807281C2BA300806F61 /* Extensions.swift in Sources */ = {isa = PBXBuildFile; fileRef = 7417C806281C2BA300806F61 /* Extensions.swift */; };
		74CA42DC281EAC51009C33EB /* AuthResponse.swift in Sources */ = {isa = PBXBuildFile; fileRef = 74CA42DB281EAC51009C33EB /* AuthResponse.swift */; };
		74CA42DE28226D5D009C33EB /* APIImage.swift in Sources */ = {isa = PBXBuildFile; fileRef = 74CA42DD28226D5D009C33EB /* APIImage.swift */; };
		74CA42E028227514009C33EB /* AlbumDetailsResponse.swift in Sources */ = {isa = PBXBuildFile; fileRef = 74CA42DF28227514009C33EB /* AlbumDetailsResponse.swift */; };
		74CA42E228227535009C33EB /* AllCategoriesResponse.swift in Sources */ = {isa = PBXBuildFile; fileRef = 74CA42E128227535009C33EB /* AllCategoriesResponse.swift */; };
		74CA42E428227558009C33EB /* FeaturedPlaylistsResponse.swift in Sources */ = {isa = PBXBuildFile; fileRef = 74CA42E328227558009C33EB /* FeaturedPlaylistsResponse.swift */; };
		74CA42E628227590009C33EB /* LibraryAlbumResponse.swift in Sources */ = {isa = PBXBuildFile; fileRef = 74CA42E528227590009C33EB /* LibraryAlbumResponse.swift */; };
		74CA42E8282275AB009C33EB /* LibraryPlaylistsResponse.swift in Sources */ = {isa = PBXBuildFile; fileRef = 74CA42E7282275AB009C33EB /* LibraryPlaylistsResponse.swift */; };
		74CA42EA282275C7009C33EB /* NewReleasesResponse.swift in Sources */ = {isa = PBXBuildFile; fileRef = 74CA42E9282275C7009C33EB /* NewReleasesResponse.swift */; };
		74CA42EC282275E5009C33EB /* PlaylistDetailsResponse.swift in Sources */ = {isa = PBXBuildFile; fileRef = 74CA42EB282275E5009C33EB /* PlaylistDetailsResponse.swift */; };
		74CA42EE282275FD009C33EB /* RecommendationsResponse.swift in Sources */ = {isa = PBXBuildFile; fileRef = 74CA42ED282275FD009C33EB /* RecommendationsResponse.swift */; };
		74CA42F02822761D009C33EB /* RecommendedGenresResponse.swift in Sources */ = {isa = PBXBuildFile; fileRef = 74CA42EF2822761D009C33EB /* RecommendedGenresResponse.swift */; };
		74CA42F228227637009C33EB /* SearchResult.swift in Sources */ = {isa = PBXBuildFile; fileRef = 74CA42F128227637009C33EB /* SearchResult.swift */; };
		74CA42F428227652009C33EB /* SearchResultResponse.swift in Sources */ = {isa = PBXBuildFile; fileRef = 74CA42F328227652009C33EB /* SearchResultResponse.swift */; };
		74CA42F628227678009C33EB /* SettingsModels.swift in Sources */ = {isa = PBXBuildFile; fileRef = 74CA42F528227678009C33EB /* SettingsModels.swift */; };
		74F638D0281C1970001C9263 /* AppDelegate.swift in Sources */ = {isa = PBXBuildFile; fileRef = 74F638CF281C1970001C9263 /* AppDelegate.swift */; };
		74F638D2281C1970001C9263 /* SceneDelegate.swift in Sources */ = {isa = PBXBuildFile; fileRef = 74F638D1281C1970001C9263 /* SceneDelegate.swift */; };
		74F638D4281C1970001C9263 /* ViewController.swift in Sources */ = {isa = PBXBuildFile; fileRef = 74F638D3281C1970001C9263 /* ViewController.swift */; };
		74F638D9281C1973001C9263 /* Assets.xcassets in Resources */ = {isa = PBXBuildFile; fileRef = 74F638D8281C1973001C9263 /* Assets.xcassets */; };
		74F638DC281C1973001C9263 /* LaunchScreen.storyboard in Resources */ = {isa = PBXBuildFile; fileRef = 74F638DA281C1973001C9263 /* LaunchScreen.storyboard */; };
		74F638E7281C1974001C9263 /* SpotifyCloneTests.swift in Sources */ = {isa = PBXBuildFile; fileRef = 74F638E6281C1974001C9263 /* SpotifyCloneTests.swift */; };
		74F638F1281C1974001C9263 /* SpotifyCloneUITests.swift in Sources */ = {isa = PBXBuildFile; fileRef = 74F638F0281C1974001C9263 /* SpotifyCloneUITests.swift */; };
		74F638F3281C1974001C9263 /* SpotifyCloneUITestsLaunchTests.swift in Sources */ = {isa = PBXBuildFile; fileRef = 74F638F2281C1974001C9263 /* SpotifyCloneUITestsLaunchTests.swift */; };
		74F63906281C1C3D001C9263 /* TabBarViewController.swift in Sources */ = {isa = PBXBuildFile; fileRef = 74F63905281C1C3D001C9263 /* TabBarViewController.swift */; };
		74F63908281C1C62001C9263 /* SearchViewController.swift in Sources */ = {isa = PBXBuildFile; fileRef = 74F63907281C1C62001C9263 /* SearchViewController.swift */; };
		74F6390A281C1C8C001C9263 /* LibraryViewController.swift in Sources */ = {isa = PBXBuildFile; fileRef = 74F63909281C1C8C001C9263 /* LibraryViewController.swift */; };
		74F6390F281C1CED001C9263 /* AuthViewController.swift in Sources */ = {isa = PBXBuildFile; fileRef = 74F6390E281C1CED001C9263 /* AuthViewController.swift */; };
		74F63912281C1D0C001C9263 /* WelcomeViewController.swift in Sources */ = {isa = PBXBuildFile; fileRef = 74F63911281C1D0C001C9263 /* WelcomeViewController.swift */; };
		74F63914281C1D26001C9263 /* SettingsViewController.swift in Sources */ = {isa = PBXBuildFile; fileRef = 74F63913281C1D25001C9263 /* SettingsViewController.swift */; };
		74F63916281C1D32001C9263 /* ProfileViewController.swift in Sources */ = {isa = PBXBuildFile; fileRef = 74F63915281C1D32001C9263 /* ProfileViewController.swift */; };
		74F63918281C1D43001C9263 /* PlayerViewController.swift in Sources */ = {isa = PBXBuildFile; fileRef = 74F63917281C1D43001C9263 /* PlayerViewController.swift */; };
		74F6391A281C1D4F001C9263 /* PlaylistViewController.swift in Sources */ = {isa = PBXBuildFile; fileRef = 74F63919281C1D4F001C9263 /* PlaylistViewController.swift */; };
		74F6391C281C1D64001C9263 /* SearchResultsViewController.swift in Sources */ = {isa = PBXBuildFile; fileRef = 74F6391B281C1D64001C9263 /* SearchResultsViewController.swift */; };
		74F6391E281C1D91001C9263 /* AuthManager.swift in Sources */ = {isa = PBXBuildFile; fileRef = 74F6391D281C1D91001C9263 /* AuthManager.swift */; };
		74F63920281C1D9F001C9263 /* APICaller.swift in Sources */ = {isa = PBXBuildFile; fileRef = 74F6391F281C1D9F001C9263 /* APICaller.swift */; };
		74F63922281C1DAF001C9263 /* HapticsManager.swift in Sources */ = {isa = PBXBuildFile; fileRef = 74F63921281C1DAF001C9263 /* HapticsManager.swift */; };
		74F63924281C1DC9001C9263 /* Playlist.swift in Sources */ = {isa = PBXBuildFile; fileRef = 74F63923281C1DC9001C9263 /* Playlist.swift */; };
/* End PBXBuildFile section */

/* Begin PBXContainerItemProxy section */
		74F638E3281C1974001C9263 /* PBXContainerItemProxy */ = {
			isa = PBXContainerItemProxy;
			containerPortal = 74F638C4281C1970001C9263 /* Project object */;
			proxyType = 1;
			remoteGlobalIDString = 74F638CB281C1970001C9263;
			remoteInfo = SpotifyClone;
		};
		74F638ED281C1974001C9263 /* PBXContainerItemProxy */ = {
			isa = PBXContainerItemProxy;
			containerPortal = 74F638C4281C1970001C9263 /* Project object */;
			proxyType = 1;
			remoteGlobalIDString = 74F638CB281C1970001C9263;
			remoteInfo = SpotifyClone;
		};
/* End PBXContainerItemProxy section */

/* Begin PBXFileReference section */
		7417C800281C1E0E00806F61 /* AudioTrack.swift */ = {isa = PBXFileReference; lastKnownFileType = sourcecode.swift; path = AudioTrack.swift; sourceTree = "<group>"; };
		7417C802281C1E1A00806F61 /* Artist.swift */ = {isa = PBXFileReference; lastKnownFileType = sourcecode.swift; path = Artist.swift; sourceTree = "<group>"; };
		7417C804281C1E3D00806F61 /* UserProfile.swift */ = {isa = PBXFileReference; lastKnownFileType = sourcecode.swift; path = UserProfile.swift; sourceTree = "<group>"; };
		7417C806281C2BA300806F61 /* Extensions.swift */ = {isa = PBXFileReference; lastKnownFileType = sourcecode.swift; path = Extensions.swift; sourceTree = "<group>"; };
		74CA42DB281EAC51009C33EB /* AuthResponse.swift */ = {isa = PBXFileReference; lastKnownFileType = sourcecode.swift; path = AuthResponse.swift; sourceTree = "<group>"; };
		74CA42DD28226D5D009C33EB /* APIImage.swift */ = {isa = PBXFileReference; lastKnownFileType = sourcecode.swift; path = APIImage.swift; sourceTree = "<group>"; };
		74CA42DF28227514009C33EB /* AlbumDetailsResponse.swift */ = {isa = PBXFileReference; lastKnownFileType = sourcecode.swift; path = AlbumDetailsResponse.swift; sourceTree = "<group>"; };
		74CA42E128227535009C33EB /* AllCategoriesResponse.swift */ = {isa = PBXFileReference; lastKnownFileType = sourcecode.swift; path = AllCategoriesResponse.swift; sourceTree = "<group>"; };
		74CA42E328227558009C33EB /* FeaturedPlaylistsResponse.swift */ = {isa = PBXFileReference; lastKnownFileType = sourcecode.swift; path = FeaturedPlaylistsResponse.swift; sourceTree = "<group>"; };
		74CA42E528227590009C33EB /* LibraryAlbumResponse.swift */ = {isa = PBXFileReference; lastKnownFileType = sourcecode.swift; path = LibraryAlbumResponse.swift; sourceTree = "<group>"; };
		74CA42E7282275AB009C33EB /* LibraryPlaylistsResponse.swift */ = {isa = PBXFileReference; lastKnownFileType = sourcecode.swift; path = LibraryPlaylistsResponse.swift; sourceTree = "<group>"; };
		74CA42E9282275C7009C33EB /* NewReleasesResponse.swift */ = {isa = PBXFileReference; lastKnownFileType = sourcecode.swift; path = NewReleasesResponse.swift; sourceTree = "<group>"; };
		74CA42EB282275E5009C33EB /* PlaylistDetailsResponse.swift */ = {isa = PBXFileReference; lastKnownFileType = sourcecode.swift; path = PlaylistDetailsResponse.swift; sourceTree = "<group>"; };
		74CA42ED282275FD009C33EB /* RecommendationsResponse.swift */ = {isa = PBXFileReference; lastKnownFileType = sourcecode.swift; path = RecommendationsResponse.swift; sourceTree = "<group>"; };
		74CA42EF2822761D009C33EB /* RecommendedGenresResponse.swift */ = {isa = PBXFileReference; lastKnownFileType = sourcecode.swift; path = RecommendedGenresResponse.swift; sourceTree = "<group>"; };
		74CA42F128227637009C33EB /* SearchResult.swift */ = {isa = PBXFileReference; lastKnownFileType = sourcecode.swift; path = SearchResult.swift; sourceTree = "<group>"; };
		74CA42F328227652009C33EB /* SearchResultResponse.swift */ = {isa = PBXFileReference; lastKnownFileType = sourcecode.swift; path = SearchResultResponse.swift; sourceTree = "<group>"; };
		74CA42F528227678009C33EB /* SettingsModels.swift */ = {isa = PBXFileReference; lastKnownFileType = sourcecode.swift; path = SettingsModels.swift; sourceTree = "<group>"; };
		74F638CC281C1970001C9263 /* SpotifyClone.app */ = {isa = PBXFileReference; explicitFileType = wrapper.application; includeInIndex = 0; path = SpotifyClone.app; sourceTree = BUILT_PRODUCTS_DIR; };
		74F638CF281C1970001C9263 /* AppDelegate.swift */ = {isa = PBXFileReference; lastKnownFileType = sourcecode.swift; path = AppDelegate.swift; sourceTree = "<group>"; };
		74F638D1281C1970001C9263 /* SceneDelegate.swift */ = {isa = PBXFileReference; lastKnownFileType = sourcecode.swift; path = SceneDelegate.swift; sourceTree = "<group>"; };
		74F638D3281C1970001C9263 /* ViewController.swift */ = {isa = PBXFileReference; lastKnownFileType = sourcecode.swift; path = ViewController.swift; sourceTree = "<group>"; };
		74F638D8281C1973001C9263 /* Assets.xcassets */ = {isa = PBXFileReference; lastKnownFileType = folder.assetcatalog; path = Assets.xcassets; sourceTree = "<group>"; };
		74F638DB281C1973001C9263 /* Base */ = {isa = PBXFileReference; lastKnownFileType = file.storyboard; name = Base; path = Base.lproj/LaunchScreen.storyboard; sourceTree = "<group>"; };
		74F638DD281C1973001C9263 /* Info.plist */ = {isa = PBXFileReference; lastKnownFileType = text.plist.xml; path = Info.plist; sourceTree = "<group>"; };
		74F638E2281C1974001C9263 /* SpotifyCloneTests.xctest */ = {isa = PBXFileReference; explicitFileType = wrapper.cfbundle; includeInIndex = 0; path = SpotifyCloneTests.xctest; sourceTree = BUILT_PRODUCTS_DIR; };
		74F638E6281C1974001C9263 /* SpotifyCloneTests.swift */ = {isa = PBXFileReference; lastKnownFileType = sourcecode.swift; path = SpotifyCloneTests.swift; sourceTree = "<group>"; };
		74F638EC281C1974001C9263 /* SpotifyCloneUITests.xctest */ = {isa = PBXFileReference; explicitFileType = wrapper.cfbundle; includeInIndex = 0; path = SpotifyCloneUITests.xctest; sourceTree = BUILT_PRODUCTS_DIR; };
		74F638F0281C1974001C9263 /* SpotifyCloneUITests.swift */ = {isa = PBXFileReference; lastKnownFileType = sourcecode.swift; path = SpotifyCloneUITests.swift; sourceTree = "<group>"; };
		74F638F2281C1974001C9263 /* SpotifyCloneUITestsLaunchTests.swift */ = {isa = PBXFileReference; lastKnownFileType = sourcecode.swift; path = SpotifyCloneUITestsLaunchTests.swift; sourceTree = "<group>"; };
		74F63905281C1C3D001C9263 /* TabBarViewController.swift */ = {isa = PBXFileReference; lastKnownFileType = sourcecode.swift; path = TabBarViewController.swift; sourceTree = "<group>"; };
		74F63907281C1C62001C9263 /* SearchViewController.swift */ = {isa = PBXFileReference; lastKnownFileType = sourcecode.swift; path = SearchViewController.swift; sourceTree = "<group>"; };
		74F63909281C1C8C001C9263 /* LibraryViewController.swift */ = {isa = PBXFileReference; lastKnownFileType = sourcecode.swift; path = LibraryViewController.swift; sourceTree = "<group>"; };
		74F6390E281C1CED001C9263 /* AuthViewController.swift */ = {isa = PBXFileReference; lastKnownFileType = sourcecode.swift; path = AuthViewController.swift; sourceTree = "<group>"; };
		74F63911281C1D0C001C9263 /* WelcomeViewController.swift */ = {isa = PBXFileReference; lastKnownFileType = sourcecode.swift; path = WelcomeViewController.swift; sourceTree = "<group>"; };
		74F63913281C1D25001C9263 /* SettingsViewController.swift */ = {isa = PBXFileReference; lastKnownFileType = sourcecode.swift; path = SettingsViewController.swift; sourceTree = "<group>"; };
		74F63915281C1D32001C9263 /* ProfileViewController.swift */ = {isa = PBXFileReference; lastKnownFileType = sourcecode.swift; path = ProfileViewController.swift; sourceTree = "<group>"; };
		74F63917281C1D43001C9263 /* PlayerViewController.swift */ = {isa = PBXFileReference; lastKnownFileType = sourcecode.swift; path = PlayerViewController.swift; sourceTree = "<group>"; };
		74F63919281C1D4F001C9263 /* PlaylistViewController.swift */ = {isa = PBXFileReference; lastKnownFileType = sourcecode.swift; path = PlaylistViewController.swift; sourceTree = "<group>"; };
		74F6391B281C1D64001C9263 /* SearchResultsViewController.swift */ = {isa = PBXFileReference; lastKnownFileType = sourcecode.swift; path = SearchResultsViewController.swift; sourceTree = "<group>"; };
		74F6391D281C1D91001C9263 /* AuthManager.swift */ = {isa = PBXFileReference; lastKnownFileType = sourcecode.swift; path = AuthManager.swift; sourceTree = "<group>"; };
		74F6391F281C1D9F001C9263 /* APICaller.swift */ = {isa = PBXFileReference; lastKnownFileType = sourcecode.swift; path = APICaller.swift; sourceTree = "<group>"; };
		74F63921281C1DAF001C9263 /* HapticsManager.swift */ = {isa = PBXFileReference; lastKnownFileType = sourcecode.swift; path = HapticsManager.swift; sourceTree = "<group>"; };
		74F63923281C1DC9001C9263 /* Playlist.swift */ = {isa = PBXFileReference; lastKnownFileType = sourcecode.swift; path = Playlist.swift; sourceTree = "<group>"; };
/* End PBXFileReference section */

/* Begin PBXFrameworksBuildPhase section */
		74F638C9281C1970001C9263 /* Frameworks */ = {
			isa = PBXFrameworksBuildPhase;
			buildActionMask = 2147483647;
			files = (
			);
			runOnlyForDeploymentPostprocessing = 0;
		};
		74F638DF281C1974001C9263 /* Frameworks */ = {
			isa = PBXFrameworksBuildPhase;
			buildActionMask = 2147483647;
			files = (
			);
			runOnlyForDeploymentPostprocessing = 0;
		};
		74F638E9281C1974001C9263 /* Frameworks */ = {
			isa = PBXFrameworksBuildPhase;
			buildActionMask = 2147483647;
			files = (
			);
			runOnlyForDeploymentPostprocessing = 0;
		};
/* End PBXFrameworksBuildPhase section */

/* Begin PBXGroup section */
		74F638C3281C1970001C9263 = {
			isa = PBXGroup;
			children = (
				74F638CE281C1970001C9263 /* SpotifyClone */,
				74F638E5281C1974001C9263 /* SpotifyCloneTests */,
				74F638EF281C1974001C9263 /* SpotifyCloneUITests */,
				74F638CD281C1970001C9263 /* Products */,
			);
			sourceTree = "<group>";
		};
		74F638CD281C1970001C9263 /* Products */ = {
			isa = PBXGroup;
			children = (
				74F638CC281C1970001C9263 /* SpotifyClone.app */,
				74F638E2281C1974001C9263 /* SpotifyCloneTests.xctest */,
				74F638EC281C1974001C9263 /* SpotifyCloneUITests.xctest */,
			);
			name = Products;
			sourceTree = "<group>";
		};
		74F638CE281C1970001C9263 /* SpotifyClone */ = {
			isa = PBXGroup;
			children = (
				74F63904281C1A74001C9263 /* Managers */,
				74F63903281C1A64001C9263 /* ViewModels */,
				74F63902281C1A5C001C9263 /* Resources */,
				74F63901281C1A54001C9263 /* Models */,
				74F63900281C1A4E001C9263 /* Views */,
				74F638FF281C1A3F001C9263 /* Controllers */,
				74F638DD281C1973001C9263 /* Info.plist */,
			);
			path = SpotifyClone;
			sourceTree = "<group>";
		};
		74F638E5281C1974001C9263 /* SpotifyCloneTests */ = {
			isa = PBXGroup;
			children = (
				74F638E6281C1974001C9263 /* SpotifyCloneTests.swift */,
			);
			path = SpotifyCloneTests;
			sourceTree = "<group>";
		};
		74F638EF281C1974001C9263 /* SpotifyCloneUITests */ = {
			isa = PBXGroup;
			children = (
				74F638F0281C1974001C9263 /* SpotifyCloneUITests.swift */,
				74F638F2281C1974001C9263 /* SpotifyCloneUITestsLaunchTests.swift */,
			);
			path = SpotifyCloneUITests;
			sourceTree = "<group>";
		};
		74F638FF281C1A3F001C9263 /* Controllers */ = {
			isa = PBXGroup;
			children = (
				74F6390D281C1CC9001C9263 /* Other */,
				74F6390C281C1CB2001C9263 /* Core */,
			);
			path = Controllers;
			sourceTree = "<group>";
		};
		74F63900281C1A4E001C9263 /* Views */ = {
			isa = PBXGroup;
			children = (
				74F638DA281C1973001C9263 /* LaunchScreen.storyboard */,
			);
			path = Views;
			sourceTree = "<group>";
		};
		74F63901281C1A54001C9263 /* Models */ = {
			isa = PBXGroup;
			children = (
				74F63923281C1DC9001C9263 /* Playlist.swift */,
				7417C800281C1E0E00806F61 /* AudioTrack.swift */,
				7417C802281C1E1A00806F61 /* Artist.swift */,
				7417C804281C1E3D00806F61 /* UserProfile.swift */,
				74CA42DB281EAC51009C33EB /* AuthResponse.swift */,
				74CA42DD28226D5D009C33EB /* APIImage.swift */,
				74CA42DF28227514009C33EB /* AlbumDetailsResponse.swift */,
				74CA42E128227535009C33EB /* AllCategoriesResponse.swift */,
				74CA42E328227558009C33EB /* FeaturedPlaylistsResponse.swift */,
				74CA42E528227590009C33EB /* LibraryAlbumResponse.swift */,
				74CA42E7282275AB009C33EB /* LibraryPlaylistsResponse.swift */,
				74CA42E9282275C7009C33EB /* NewReleasesResponse.swift */,
				74CA42EB282275E5009C33EB /* PlaylistDetailsResponse.swift */,
				74CA42ED282275FD009C33EB /* RecommendationsResponse.swift */,
				74CA42EF2822761D009C33EB /* RecommendedGenresResponse.swift */,
				74CA42F128227637009C33EB /* SearchResult.swift */,
				74CA42F328227652009C33EB /* SearchResultResponse.swift */,
				74CA42F528227678009C33EB /* SettingsModels.swift */,
			);
			path = Models;
			sourceTree = "<group>";
		};
		74F63902281C1A5C001C9263 /* Resources */ = {
			isa = PBXGroup;
			children = (
				74F638D8281C1973001C9263 /* Assets.xcassets */,
				74F638CF281C1970001C9263 /* AppDelegate.swift */,
				74F638D1281C1970001C9263 /* SceneDelegate.swift */,
				7417C806281C2BA300806F61 /* Extensions.swift */,
			);
			path = Resources;
			sourceTree = "<group>";
		};
		74F63903281C1A64001C9263 /* ViewModels */ = {
			isa = PBXGroup;
			children = (
			);
			path = ViewModels;
			sourceTree = "<group>";
		};
		74F63904281C1A74001C9263 /* Managers */ = {
			isa = PBXGroup;
			children = (
				74F6391D281C1D91001C9263 /* AuthManager.swift */,
				74F6391F281C1D9F001C9263 /* APICaller.swift */,
				74F63921281C1DAF001C9263 /* HapticsManager.swift */,
			);
			path = Managers;
			sourceTree = "<group>";
		};
		74F6390C281C1CB2001C9263 /* Core */ = {
			isa = PBXGroup;
			children = (
				74F638D3281C1970001C9263 /* ViewController.swift */,
				74F63905281C1C3D001C9263 /* TabBarViewController.swift */,
				74F63907281C1C62001C9263 /* SearchViewController.swift */,
				74F63909281C1C8C001C9263 /* LibraryViewController.swift */,
			);
			path = Core;
			sourceTree = "<group>";
		};
		74F6390D281C1CC9001C9263 /* Other */ = {
			isa = PBXGroup;
			children = (
				74F6390E281C1CED001C9263 /* AuthViewController.swift */,
				74F63911281C1D0C001C9263 /* WelcomeViewController.swift */,
				74F63913281C1D25001C9263 /* SettingsViewController.swift */,
				74F63915281C1D32001C9263 /* ProfileViewController.swift */,
				74F63917281C1D43001C9263 /* PlayerViewController.swift */,
				74F63919281C1D4F001C9263 /* PlaylistViewController.swift */,
				74F6391B281C1D64001C9263 /* SearchResultsViewController.swift */,
			);
			path = Other;
			sourceTree = "<group>";
		};
/* End PBXGroup section */

/* Begin PBXNativeTarget section */
		74F638CB281C1970001C9263 /* SpotifyClone */ = {
			isa = PBXNativeTarget;
			buildConfigurationList = 74F638F6281C1974001C9263 /* Build configuration list for PBXNativeTarget "SpotifyClone" */;
			buildPhases = (
				74F638C8281C1970001C9263 /* Sources */,
				74F638C9281C1970001C9263 /* Frameworks */,
				74F638CA281C1970001C9263 /* Resources */,
			);
			buildRules = (
			);
			dependencies = (
			);
			name = SpotifyClone;
			productName = SpotifyClone;
			productReference = 74F638CC281C1970001C9263 /* SpotifyClone.app */;
			productType = "com.apple.product-type.application";
		};
		74F638E1281C1974001C9263 /* SpotifyCloneTests */ = {
			isa = PBXNativeTarget;
			buildConfigurationList = 74F638F9281C1974001C9263 /* Build configuration list for PBXNativeTarget "SpotifyCloneTests" */;
			buildPhases = (
				74F638DE281C1974001C9263 /* Sources */,
				74F638DF281C1974001C9263 /* Frameworks */,
				74F638E0281C1974001C9263 /* Resources */,
			);
			buildRules = (
			);
			dependencies = (
				74F638E4281C1974001C9263 /* PBXTargetDependency */,
			);
			name = SpotifyCloneTests;
			productName = SpotifyCloneTests;
			productReference = 74F638E2281C1974001C9263 /* SpotifyCloneTests.xctest */;
			productType = "com.apple.product-type.bundle.unit-test";
		};
		74F638EB281C1974001C9263 /* SpotifyCloneUITests */ = {
			isa = PBXNativeTarget;
			buildConfigurationList = 74F638FC281C1974001C9263 /* Build configuration list for PBXNativeTarget "SpotifyCloneUITests" */;
			buildPhases = (
				74F638E8281C1974001C9263 /* Sources */,
				74F638E9281C1974001C9263 /* Frameworks */,
				74F638EA281C1974001C9263 /* Resources */,
			);
			buildRules = (
			);
			dependencies = (
				74F638EE281C1974001C9263 /* PBXTargetDependency */,
			);
			name = SpotifyCloneUITests;
			productName = SpotifyCloneUITests;
			productReference = 74F638EC281C1974001C9263 /* SpotifyCloneUITests.xctest */;
			productType = "com.apple.product-type.bundle.ui-testing";
		};
/* End PBXNativeTarget section */

/* Begin PBXProject section */
		74F638C4281C1970001C9263 /* Project object */ = {
			isa = PBXProject;
			attributes = {
				BuildIndependentTargetsInParallel = 1;
				LastSwiftUpdateCheck = 1330;
				LastUpgradeCheck = 1330;
				TargetAttributes = {
					74F638CB281C1970001C9263 = {
						CreatedOnToolsVersion = 13.3.1;
					};
					74F638E1281C1974001C9263 = {
						CreatedOnToolsVersion = 13.3.1;
						TestTargetID = 74F638CB281C1970001C9263;
					};
					74F638EB281C1974001C9263 = {
						CreatedOnToolsVersion = 13.3.1;
						TestTargetID = 74F638CB281C1970001C9263;
					};
				};
			};
			buildConfigurationList = 74F638C7281C1970001C9263 /* Build configuration list for PBXProject "SpotifyClone" */;
			compatibilityVersion = "Xcode 13.0";
			developmentRegion = en;
			hasScannedForEncodings = 0;
			knownRegions = (
				en,
				Base,
			);
			mainGroup = 74F638C3281C1970001C9263;
			productRefGroup = 74F638CD281C1970001C9263 /* Products */;
			projectDirPath = "";
			projectRoot = "";
			targets = (
				74F638CB281C1970001C9263 /* SpotifyClone */,
				74F638E1281C1974001C9263 /* SpotifyCloneTests */,
				74F638EB281C1974001C9263 /* SpotifyCloneUITests */,
			);
		};
/* End PBXProject section */

/* Begin PBXResourcesBuildPhase section */
		74F638CA281C1970001C9263 /* Resources */ = {
			isa = PBXResourcesBuildPhase;
			buildActionMask = 2147483647;
			files = (
				74F638DC281C1973001C9263 /* LaunchScreen.storyboard in Resources */,
				74F638D9281C1973001C9263 /* Assets.xcassets in Resources */,
			);
			runOnlyForDeploymentPostprocessing = 0;
		};
		74F638E0281C1974001C9263 /* Resources */ = {
			isa = PBXResourcesBuildPhase;
			buildActionMask = 2147483647;
			files = (
			);
			runOnlyForDeploymentPostprocessing = 0;
		};
		74F638EA281C1974001C9263 /* Resources */ = {
			isa = PBXResourcesBuildPhase;
			buildActionMask = 2147483647;
			files = (
			);
			runOnlyForDeploymentPostprocessing = 0;
		};
/* End PBXResourcesBuildPhase section */

/* Begin PBXSourcesBuildPhase section */
		74F638C8281C1970001C9263 /* Sources */ = {
			isa = PBXSourcesBuildPhase;
			buildActionMask = 2147483647;
			files = (
				74CA42EE282275FD009C33EB /* RecommendationsResponse.swift in Sources */,
				74F63908281C1C62001C9263 /* SearchViewController.swift in Sources */,
				74CA42DE28226D5D009C33EB /* APIImage.swift in Sources */,
				74CA42E8282275AB009C33EB /* LibraryPlaylistsResponse.swift in Sources */,
				74F63924281C1DC9001C9263 /* Playlist.swift in Sources */,
				74F6391E281C1D91001C9263 /* AuthManager.swift in Sources */,
				74CA42E428227558009C33EB /* FeaturedPlaylistsResponse.swift in Sources */,
				74F6391C281C1D64001C9263 /* SearchResultsViewController.swift in Sources */,
				74F63912281C1D0C001C9263 /* WelcomeViewController.swift in Sources */,
				74F63916281C1D32001C9263 /* ProfileViewController.swift in Sources */,
				74F63906281C1C3D001C9263 /* TabBarViewController.swift in Sources */,
				74CA42E228227535009C33EB /* AllCategoriesResponse.swift in Sources */,
				74F63922281C1DAF001C9263 /* HapticsManager.swift in Sources */,
				74CA42DC281EAC51009C33EB /* AuthResponse.swift in Sources */,
				7417C801281C1E0E00806F61 /* AudioTrack.swift in Sources */,
				74F638D4281C1970001C9263 /* ViewController.swift in Sources */,
				74CA42F02822761D009C33EB /* RecommendedGenresResponse.swift in Sources */,
				74F6390F281C1CED001C9263 /* AuthViewController.swift in Sources */,
				74F638D0281C1970001C9263 /* AppDelegate.swift in Sources */,
				74CA42EA282275C7009C33EB /* NewReleasesResponse.swift in Sources */,
				7417C805281C1E3D00806F61 /* UserProfile.swift in Sources */,
				7417C807281C2BA300806F61 /* Extensions.swift in Sources */,
				74CA42F228227637009C33EB /* SearchResult.swift in Sources */,
				74F6390A281C1C8C001C9263 /* LibraryViewController.swift in Sources */,
				7417C803281C1E1A00806F61 /* Artist.swift in Sources */,
				74CA42F428227652009C33EB /* SearchResultResponse.swift in Sources */,
				74F6391A281C1D4F001C9263 /* PlaylistViewController.swift in Sources */,
				74CA42E028227514009C33EB /* AlbumDetailsResponse.swift in Sources */,
				74CA42E628227590009C33EB /* LibraryAlbumResponse.swift in Sources */,
				74CA42F628227678009C33EB /* SettingsModels.swift in Sources */,
				74CA42EC282275E5009C33EB /* PlaylistDetailsResponse.swift in Sources */,
				74F638D2281C1970001C9263 /* SceneDelegate.swift in Sources */,
				74F63918281C1D43001C9263 /* PlayerViewController.swift in Sources */,
				74F63920281C1D9F001C9263 /* APICaller.swift in Sources */,
				74F63914281C1D26001C9263 /* SettingsViewController.swift in Sources */,
			);
			runOnlyForDeploymentPostprocessing = 0;
		};
		74F638DE281C1974001C9263 /* Sources */ = {
			isa = PBXSourcesBuildPhase;
			buildActionMask = 2147483647;
			files = (
				74F638E7281C1974001C9263 /* SpotifyCloneTests.swift in Sources */,
			);
			runOnlyForDeploymentPostprocessing = 0;
		};
		74F638E8281C1974001C9263 /* Sources */ = {
			isa = PBXSourcesBuildPhase;
			buildActionMask = 2147483647;
			files = (
				74F638F1281C1974001C9263 /* SpotifyCloneUITests.swift in Sources */,
				74F638F3281C1974001C9263 /* SpotifyCloneUITestsLaunchTests.swift in Sources */,
			);
			runOnlyForDeploymentPostprocessing = 0;
		};
/* End PBXSourcesBuildPhase section */

/* Begin PBXTargetDependency section */
		74F638E4281C1974001C9263 /* PBXTargetDependency */ = {
			isa = PBXTargetDependency;
			target = 74F638CB281C1970001C9263 /* SpotifyClone */;
			targetProxy = 74F638E3281C1974001C9263 /* PBXContainerItemProxy */;
		};
		74F638EE281C1974001C9263 /* PBXTargetDependency */ = {
			isa = PBXTargetDependency;
			target = 74F638CB281C1970001C9263 /* SpotifyClone */;
			targetProxy = 74F638ED281C1974001C9263 /* PBXContainerItemProxy */;
		};
/* End PBXTargetDependency section */

/* Begin PBXVariantGroup section */
		74F638DA281C1973001C9263 /* LaunchScreen.storyboard */ = {
			isa = PBXVariantGroup;
			children = (
				74F638DB281C1973001C9263 /* Base */,
			);
			name = LaunchScreen.storyboard;
			sourceTree = "<group>";
		};
/* End PBXVariantGroup section */

/* Begin XCBuildConfiguration section */
		74F638F4281C1974001C9263 /* Debug */ = {
			isa = XCBuildConfiguration;
			buildSettings = {
				ALWAYS_SEARCH_USER_PATHS = NO;
				CLANG_ANALYZER_NONNULL = YES;
				CLANG_ANALYZER_NUMBER_OBJECT_CONVERSION = YES_AGGRESSIVE;
				CLANG_CXX_LANGUAGE_STANDARD = "gnu++17";
				CLANG_ENABLE_MODULES = YES;
				CLANG_ENABLE_OBJC_ARC = YES;
				CLANG_ENABLE_OBJC_WEAK = YES;
				CLANG_WARN_BLOCK_CAPTURE_AUTORELEASING = YES;
				CLANG_WARN_BOOL_CONVERSION = YES;
				CLANG_WARN_COMMA = YES;
				CLANG_WARN_CONSTANT_CONVERSION = YES;
				CLANG_WARN_DEPRECATED_OBJC_IMPLEMENTATIONS = YES;
				CLANG_WARN_DIRECT_OBJC_ISA_USAGE = YES_ERROR;
				CLANG_WARN_DOCUMENTATION_COMMENTS = YES;
				CLANG_WARN_EMPTY_BODY = YES;
				CLANG_WARN_ENUM_CONVERSION = YES;
				CLANG_WARN_INFINITE_RECURSION = YES;
				CLANG_WARN_INT_CONVERSION = YES;
				CLANG_WARN_NON_LITERAL_NULL_CONVERSION = YES;
				CLANG_WARN_OBJC_IMPLICIT_RETAIN_SELF = YES;
				CLANG_WARN_OBJC_LITERAL_CONVERSION = YES;
				CLANG_WARN_OBJC_ROOT_CLASS = YES_ERROR;
				CLANG_WARN_QUOTED_INCLUDE_IN_FRAMEWORK_HEADER = YES;
				CLANG_WARN_RANGE_LOOP_ANALYSIS = YES;
				CLANG_WARN_STRICT_PROTOTYPES = YES;
				CLANG_WARN_SUSPICIOUS_MOVE = YES;
				CLANG_WARN_UNGUARDED_AVAILABILITY = YES_AGGRESSIVE;
				CLANG_WARN_UNREACHABLE_CODE = YES;
				CLANG_WARN__DUPLICATE_METHOD_MATCH = YES;
				COPY_PHASE_STRIP = NO;
				DEBUG_INFORMATION_FORMAT = dwarf;
				ENABLE_STRICT_OBJC_MSGSEND = YES;
				ENABLE_TESTABILITY = YES;
				GCC_C_LANGUAGE_STANDARD = gnu11;
				GCC_DYNAMIC_NO_PIC = NO;
				GCC_NO_COMMON_BLOCKS = YES;
				GCC_OPTIMIZATION_LEVEL = 0;
				GCC_PREPROCESSOR_DEFINITIONS = (
					"DEBUG=1",
					"$(inherited)",
				);
				GCC_WARN_64_TO_32_BIT_CONVERSION = YES;
				GCC_WARN_ABOUT_RETURN_TYPE = YES_ERROR;
				GCC_WARN_UNDECLARED_SELECTOR = YES;
				GCC_WARN_UNINITIALIZED_AUTOS = YES_AGGRESSIVE;
				GCC_WARN_UNUSED_FUNCTION = YES;
				GCC_WARN_UNUSED_VARIABLE = YES;
				IPHONEOS_DEPLOYMENT_TARGET = 15.4;
				MTL_ENABLE_DEBUG_INFO = INCLUDE_SOURCE;
				MTL_FAST_MATH = YES;
				ONLY_ACTIVE_ARCH = YES;
				SDKROOT = iphoneos;
				SWIFT_ACTIVE_COMPILATION_CONDITIONS = DEBUG;
				SWIFT_OPTIMIZATION_LEVEL = "-Onone";
			};
			name = Debug;
		};
		74F638F5281C1974001C9263 /* Release */ = {
			isa = XCBuildConfiguration;
			buildSettings = {
				ALWAYS_SEARCH_USER_PATHS = NO;
				CLANG_ANALYZER_NONNULL = YES;
				CLANG_ANALYZER_NUMBER_OBJECT_CONVERSION = YES_AGGRESSIVE;
				CLANG_CXX_LANGUAGE_STANDARD = "gnu++17";
				CLANG_ENABLE_MODULES = YES;
				CLANG_ENABLE_OBJC_ARC = YES;
				CLANG_ENABLE_OBJC_WEAK = YES;
				CLANG_WARN_BLOCK_CAPTURE_AUTORELEASING = YES;
				CLANG_WARN_BOOL_CONVERSION = YES;
				CLANG_WARN_COMMA = YES;
				CLANG_WARN_CONSTANT_CONVERSION = YES;
				CLANG_WARN_DEPRECATED_OBJC_IMPLEMENTATIONS = YES;
				CLANG_WARN_DIRECT_OBJC_ISA_USAGE = YES_ERROR;
				CLANG_WARN_DOCUMENTATION_COMMENTS = YES;
				CLANG_WARN_EMPTY_BODY = YES;
				CLANG_WARN_ENUM_CONVERSION = YES;
				CLANG_WARN_INFINITE_RECURSION = YES;
				CLANG_WARN_INT_CONVERSION = YES;
				CLANG_WARN_NON_LITERAL_NULL_CONVERSION = YES;
				CLANG_WARN_OBJC_IMPLICIT_RETAIN_SELF = YES;
				CLANG_WARN_OBJC_LITERAL_CONVERSION = YES;
				CLANG_WARN_OBJC_ROOT_CLASS = YES_ERROR;
				CLANG_WARN_QUOTED_INCLUDE_IN_FRAMEWORK_HEADER = YES;
				CLANG_WARN_RANGE_LOOP_ANALYSIS = YES;
				CLANG_WARN_STRICT_PROTOTYPES = YES;
				CLANG_WARN_SUSPICIOUS_MOVE = YES;
				CLANG_WARN_UNGUARDED_AVAILABILITY = YES_AGGRESSIVE;
				CLANG_WARN_UNREACHABLE_CODE = YES;
				CLANG_WARN__DUPLICATE_METHOD_MATCH = YES;
				COPY_PHASE_STRIP = NO;
				DEBUG_INFORMATION_FORMAT = "dwarf-with-dsym";
				ENABLE_NS_ASSERTIONS = NO;
				ENABLE_STRICT_OBJC_MSGSEND = YES;
				GCC_C_LANGUAGE_STANDARD = gnu11;
				GCC_NO_COMMON_BLOCKS = YES;
				GCC_WARN_64_TO_32_BIT_CONVERSION = YES;
				GCC_WARN_ABOUT_RETURN_TYPE = YES_ERROR;
				GCC_WARN_UNDECLARED_SELECTOR = YES;
				GCC_WARN_UNINITIALIZED_AUTOS = YES_AGGRESSIVE;
				GCC_WARN_UNUSED_FUNCTION = YES;
				GCC_WARN_UNUSED_VARIABLE = YES;
				IPHONEOS_DEPLOYMENT_TARGET = 15.4;
				MTL_ENABLE_DEBUG_INFO = NO;
				MTL_FAST_MATH = YES;
				SDKROOT = iphoneos;
				SWIFT_COMPILATION_MODE = wholemodule;
				SWIFT_OPTIMIZATION_LEVEL = "-O";
				VALIDATE_PRODUCT = YES;
			};
			name = Release;
		};
		74F638F7281C1974001C9263 /* Debug */ = {
			isa = XCBuildConfiguration;
			buildSettings = {
				ASSETCATALOG_COMPILER_APPICON_NAME = AppIcon;
				ASSETCATALOG_COMPILER_GLOBAL_ACCENT_COLOR_NAME = AccentColor;
				CODE_SIGN_STYLE = Automatic;
				CURRENT_PROJECT_VERSION = 1;
				GENERATE_INFOPLIST_FILE = YES;
				INFOPLIST_FILE = SpotifyClone/Info.plist;
				INFOPLIST_KEY_UIApplicationSupportsIndirectInputEvents = YES;
				INFOPLIST_KEY_UILaunchStoryboardName = LaunchScreen;
				INFOPLIST_KEY_UIMainStoryboardFile = LaunchScreen;
				INFOPLIST_KEY_UISupportedInterfaceOrientations_iPad = "UIInterfaceOrientationPortrait UIInterfaceOrientationPortraitUpsideDown UIInterfaceOrientationLandscapeLeft UIInterfaceOrientationLandscapeRight";
				INFOPLIST_KEY_UISupportedInterfaceOrientations_iPhone = "UIInterfaceOrientationPortrait UIInterfaceOrientationLandscapeLeft UIInterfaceOrientationLandscapeRight";
				LD_RUNPATH_SEARCH_PATHS = (
					"$(inherited)",
					"@executable_path/Frameworks",
				);
				MARKETING_VERSION = 1.0;
				PRODUCT_BUNDLE_IDENTIFIER = com.cipriancucuciuhan.SpotifyClone;
				PRODUCT_NAME = "$(TARGET_NAME)";
				SWIFT_EMIT_LOC_STRINGS = YES;
				SWIFT_VERSION = 5.0;
				TARGETED_DEVICE_FAMILY = "1,2";
			};
			name = Debug;
		};
		74F638F8281C1974001C9263 /* Release */ = {
			isa = XCBuildConfiguration;
			buildSettings = {
				ASSETCATALOG_COMPILER_APPICON_NAME = AppIcon;
				ASSETCATALOG_COMPILER_GLOBAL_ACCENT_COLOR_NAME = AccentColor;
				CODE_SIGN_STYLE = Automatic;
				CURRENT_PROJECT_VERSION = 1;
				GENERATE_INFOPLIST_FILE = YES;
				INFOPLIST_FILE = SpotifyClone/Info.plist;
				INFOPLIST_KEY_UIApplicationSupportsIndirectInputEvents = YES;
				INFOPLIST_KEY_UILaunchStoryboardName = LaunchScreen;
				INFOPLIST_KEY_UIMainStoryboardFile = LaunchScreen;
				INFOPLIST_KEY_UISupportedInterfaceOrientations_iPad = "UIInterfaceOrientationPortrait UIInterfaceOrientationPortraitUpsideDown UIInterfaceOrientationLandscapeLeft UIInterfaceOrientationLandscapeRight";
				INFOPLIST_KEY_UISupportedInterfaceOrientations_iPhone = "UIInterfaceOrientationPortrait UIInterfaceOrientationLandscapeLeft UIInterfaceOrientationLandscapeRight";
				LD_RUNPATH_SEARCH_PATHS = (
					"$(inherited)",
					"@executable_path/Frameworks",
				);
				MARKETING_VERSION = 1.0;
				PRODUCT_BUNDLE_IDENTIFIER = com.cipriancucuciuhan.SpotifyClone;
				PRODUCT_NAME = "$(TARGET_NAME)";
				SWIFT_EMIT_LOC_STRINGS = YES;
				SWIFT_VERSION = 5.0;
				TARGETED_DEVICE_FAMILY = "1,2";
			};
			name = Release;
		};
		74F638FA281C1974001C9263 /* Debug */ = {
			isa = XCBuildConfiguration;
			buildSettings = {
				ALWAYS_EMBED_SWIFT_STANDARD_LIBRARIES = YES;
				BUNDLE_LOADER = "$(TEST_HOST)";
				CODE_SIGN_STYLE = Automatic;
				CURRENT_PROJECT_VERSION = 1;
				GENERATE_INFOPLIST_FILE = YES;
				IPHONEOS_DEPLOYMENT_TARGET = 15.4;
				MARKETING_VERSION = 1.0;
				PRODUCT_BUNDLE_IDENTIFIER = com.cipriancucuciuhan.SpotifyCloneTests;
				PRODUCT_NAME = "$(TARGET_NAME)";
				SWIFT_EMIT_LOC_STRINGS = NO;
				SWIFT_VERSION = 5.0;
				TARGETED_DEVICE_FAMILY = "1,2";
				TEST_HOST = "$(BUILT_PRODUCTS_DIR)/SpotifyClone.app/SpotifyClone";
			};
			name = Debug;
		};
		74F638FB281C1974001C9263 /* Release */ = {
			isa = XCBuildConfiguration;
			buildSettings = {
				ALWAYS_EMBED_SWIFT_STANDARD_LIBRARIES = YES;
				BUNDLE_LOADER = "$(TEST_HOST)";
				CODE_SIGN_STYLE = Automatic;
				CURRENT_PROJECT_VERSION = 1;
				GENERATE_INFOPLIST_FILE = YES;
				IPHONEOS_DEPLOYMENT_TARGET = 15.4;
				MARKETING_VERSION = 1.0;
				PRODUCT_BUNDLE_IDENTIFIER = com.cipriancucuciuhan.SpotifyCloneTests;
				PRODUCT_NAME = "$(TARGET_NAME)";
				SWIFT_EMIT_LOC_STRINGS = NO;
				SWIFT_VERSION = 5.0;
				TARGETED_DEVICE_FAMILY = "1,2";
				TEST_HOST = "$(BUILT_PRODUCTS_DIR)/SpotifyClone.app/SpotifyClone";
			};
			name = Release;
		};
		74F638FD281C1974001C9263 /* Debug */ = {
			isa = XCBuildConfiguration;
			buildSettings = {
				ALWAYS_EMBED_SWIFT_STANDARD_LIBRARIES = YES;
				CODE_SIGN_STYLE = Automatic;
				CURRENT_PROJECT_VERSION = 1;
				GENERATE_INFOPLIST_FILE = YES;
				MARKETING_VERSION = 1.0;
				PRODUCT_BUNDLE_IDENTIFIER = com.cipriancucuciuhan.SpotifyCloneUITests;
				PRODUCT_NAME = "$(TARGET_NAME)";
				SWIFT_EMIT_LOC_STRINGS = NO;
				SWIFT_VERSION = 5.0;
				TARGETED_DEVICE_FAMILY = "1,2";
				TEST_TARGET_NAME = SpotifyClone;
			};
			name = Debug;
		};
		74F638FE281C1974001C9263 /* Release */ = {
			isa = XCBuildConfiguration;
			buildSettings = {
				ALWAYS_EMBED_SWIFT_STANDARD_LIBRARIES = YES;
				CODE_SIGN_STYLE = Automatic;
				CURRENT_PROJECT_VERSION = 1;
				GENERATE_INFOPLIST_FILE = YES;
				MARKETING_VERSION = 1.0;
				PRODUCT_BUNDLE_IDENTIFIER = com.cipriancucuciuhan.SpotifyCloneUITests;
				PRODUCT_NAME = "$(TARGET_NAME)";
				SWIFT_EMIT_LOC_STRINGS = NO;
				SWIFT_VERSION = 5.0;
				TARGETED_DEVICE_FAMILY = "1,2";
				TEST_TARGET_NAME = SpotifyClone;
			};
			name = Release;
		};
/* End XCBuildConfiguration section */

/* Begin XCConfigurationList section */
		74F638C7281C1970001C9263 /* Build configuration list for PBXProject "SpotifyClone" */ = {
			isa = XCConfigurationList;
			buildConfigurations = (
				74F638F4281C1974001C9263 /* Debug */,
				74F638F5281C1974001C9263 /* Release */,
			);
			defaultConfigurationIsVisible = 0;
			defaultConfigurationName = Release;
		};
		74F638F6281C1974001C9263 /* Build configuration list for PBXNativeTarget "SpotifyClone" */ = {
			isa = XCConfigurationList;
			buildConfigurations = (
				74F638F7281C1974001C9263 /* Debug */,
				74F638F8281C1974001C9263 /* Release */,
			);
			defaultConfigurationIsVisible = 0;
			defaultConfigurationName = Release;
		};
		74F638F9281C1974001C9263 /* Build configuration list for PBXNativeTarget "SpotifyCloneTests" */ = {
			isa = XCConfigurationList;
			buildConfigurations = (
				74F638FA281C1974001C9263 /* Debug */,
				74F638FB281C1974001C9263 /* Release */,
			);
			defaultConfigurationIsVisible = 0;
			defaultConfigurationName = Release;
		};
		74F638FC281C1974001C9263 /* Build configuration list for PBXNativeTarget "SpotifyCloneUITests" */ = {
			isa = XCConfigurationList;
			buildConfigurations = (
				74F638FD281C1974001C9263 /* Debug */,
				74F638FE281C1974001C9263 /* Release */,
			);
			defaultConfigurationIsVisible = 0;
			defaultConfigurationName = Release;
		};
/* End XCConfigurationList section */
	};
	rootObject = 74F638C4281C1970001C9263 /* Project object */;
}
